
Microsoft Visual Studio Solution File, Format Version 12.00
# Visual Studio 15
VisualStudioVersion = 15.0.26228.4
MinimumVisualStudioVersion = 10.0.40219.1
Project("{2150E333-8FDC-42A3-9474-1A3956D46DE8}") = "src", "src", "{965B41C0-9A53-4103-AB98-BADFCDB2CB4A}"
EndProject
Project("{2150E333-8FDC-42A3-9474-1A3956D46DE8}") = "Solution Items", "Solution Items", "{67EAED96-7876-4648-AEBE-1FA26657CB9F}"
EndProject
Project("{9A19103F-16F7-4668-BE54-9A1E7A4F7556}") = "Stranne.VasttrafikNET", "src\Stranne.VasttrafikNET\Stranne.VasttrafikNET.csproj", "{26EFEA46-8FC8-41FB-9DB6-9E289F5D2B3D}"
EndProject
Project("{9A19103F-16F7-4668-BE54-9A1E7A4F7556}") = "Stranne.VasttrafikNET.Tests", "src\Stranne.VasttrafikNET.Tests\Stranne.VasttrafikNET.Tests.csproj", "{E3E1EBF5-D512-4174-8D19-03EA3F50D617}"
EndProject
Global
	GlobalSection(SolutionConfigurationPlatforms) = preSolution
		Debug|Any CPU = Debug|Any CPU
		Release|Any CPU = Release|Any CPU
	EndGlobalSection
	GlobalSection(ProjectConfigurationPlatforms) = postSolution
		{26EFEA46-8FC8-41FB-9DB6-9E289F5D2B3D}.Debug|Any CPU.ActiveCfg = Debug|Any CPU
		{26EFEA46-8FC8-41FB-9DB6-9E289F5D2B3D}.Debug|Any CPU.Build.0 = Debug|Any CPU
		{26EFEA46-8FC8-41FB-9DB6-9E289F5D2B3D}.Release|Any CPU.ActiveCfg = Release|Any CPU
		{26EFEA46-8FC8-41FB-9DB6-9E289F5D2B3D}.Release|Any CPU.Build.0 = Release|Any CPU
		{E3E1EBF5-D512-4174-8D19-03EA3F50D617}.Debug|Any CPU.ActiveCfg = Debug|Any CPU
		{E3E1EBF5-D512-4174-8D19-03EA3F50D617}.Debug|Any CPU.Build.0 = Debug|Any CPU
		{E3E1EBF5-D512-4174-8D19-03EA3F50D617}.Release|Any CPU.ActiveCfg = Release|Any CPU
		{E3E1EBF5-D512-4174-8D19-03EA3F50D617}.Release|Any CPU.Build.0 = Release|Any CPU
	EndGlobalSection
	GlobalSection(SolutionProperties) = preSolution
		HideSolutionNode = FALSE
	EndGlobalSection
	GlobalSection(NestedProjects) = preSolution
		{26EFEA46-8FC8-41FB-9DB6-9E289F5D2B3D} = {965B41C0-9A53-4103-AB98-BADFCDB2CB4A}
		{E3E1EBF5-D512-4174-8D19-03EA3F50D617} = {965B41C0-9A53-4103-AB98-BADFCDB2CB4A}
	EndGlobalSection
EndGlobal
